filippo.io/edwards25519 v1.2.0 h1:crnVqOiS4jqYleHd9vaKZ+HKtHfllngJIiOpNpoJsjo=
filippo.io/edwards25519 v1.2.0/go.mod h1:xzAOLCNug/yB62zG1bQ8uziwrIqIuxhctzJT18Q77mc=
github.com/Bitspark/archon/core/go v0.7.0 h1:RoBga82WWF5FaZ6/n3L+DiVpYe0kCemk25Rp750ZBLY=
github.com/Bitspark/archon/core/go v0.7.0/go.mod h1:vdpkGHHiMQaczJnymi16M8qnh0NL+W3nM6YPpuxZgfM=
github.com/Bitspark/archon/sdk/go v0.7.0 h1:ap4R+/YGYxyj1Yp68uZHS4s8Apn05lbbu2D7Gw9biq0=
github.com/Bitspark/archon/sdk/go v0.7.0/go.mod h1:I8ia7DLXdSDUfpwjT8PUx2OU1DO0m+HhoEN/0VTLb0U=
github.com/Bitspark/bitwire v0.2.0 h1:gGlNYgfzAHqZtxorw6HkCTWOoInil//uchOWhTA/d3k=
github.com/Bitspark/bitwire v0.2.0/go.mod h1:RCsIrMm1o0hg/SlyG2LkXXSzj2CMLEhoOIuuw8XrePk=
github.com/coder/websocket v1.8.15 h1:6B2JPeOGlpff2Uz6vOEH1Vzpi0iUz20A+lPVhPHtNUA=
github.com/coder/websocket v1.8.15/go.mod h1:NX3SzP+inril6yawo5CQXx8+fk145lPDC6pumgx0mVg=
github.com/go-json-experiment/json v0.0.0-20260820222146-c27c302e5fc3 h1:UADEEmDKgfXbtnGJZ97beY5XLo9ZechG1nlU4KnRrkE=
github.com/go-json-experiment/json v0.0.0-20260820222146-c27c302e5fc3/go.mod h1:tphK2c80bpPhMOI4v6bIc2xWywPfbqi1Z06+RcrMkDg=
